<?xml version="1.0" encoding="UTF-8" standalone="yes" ?>
<CodeBlocks_project_file>
	<FileVersion major="1" minor="6" />
	<Project>
		<Option title="HTTPClient" />
		<Option pch_mode="2" />
		<Option compiler="gcc" />
		<Build>
			<Target title="Debug">
				<Option output="bin/Debug/HTTPClient" prefix_auto="1" extension_auto="1" />
				<Option object_output="obj/Debug/" />
				<Option type="1" />
				<Option compiler="gcc" />
				<Compiler>
					<Add option="-g" />
					<Add directory="HTTP_Package" />
				</Compiler>
			</Target>
			<Target title="Release">
				<Option output="bin/Release/HTTPClient" prefix_auto="1" extension_auto="1" />
				<Option object_output="obj/Release/" />
				<Option type="1" />
				<Option compiler="gcc" />
				<Compiler>
					<Add option="-O2" />
					<Add directory="HTTP_Package" />
				</Compiler>
				<Linker>
					<Add option="-s" />
				</Linker>
			</Target>
		</Build>
		<Compiler>
			<Add option="-Wall" />
			<Add option="-fexceptions" />
		</Compiler>
		<Unit filename="HTTP_Package/HTTP_Generator.cpp" />
		<Unit filename="HTTP_Package/HTTP_Generator.h" />
		<Unit filename="HTTP_Package/HTTP_client.cpp" />
		<Unit filename="HTTP_Package/HTTP_client.h" />
		<Unit filename="communication_package/Tcp_client.cpp" />
		<Unit filename="communication_package/Tcp_client.h" />
		<Unit filename="main.cpp" />
		<Extensions>
			<code_completion />
			<debugger />
		</Extensions>
	</Project>
</CodeBlocks_project_file>
